
Microsoft Visual Studio Solution File, Format Version 12.00
# Visual Studio Version 17
VisualStudioVersion = 17.5.002.0
MinimumVisualStudioVersion = 10.0.40219.1
Project("{9A19103F-16F7-4668-BE54-9A1E7A4F7556}") = "EntmedicalUI", "EntmedicalUI.csproj", "{25740263-BA7D-4C93-9653-9DA14340EE69}"
EndProject
Global
	GlobalSection(SolutionConfigurationPlatforms) = preSolution
		Debug|Any CPU = Debug|Any CPU
		Release|Any CPU = Release|Any CPU
	EndGlobalSection
	GlobalSection(ProjectConfigurationPlatforms) = postSolution
		{25740263-BA7D-4C93-9653-9DA14340EE69}.Debug|Any CPU.ActiveCfg = Debug|Any CPU
		{25740263-BA7D-4C93-9653-9DA14340EE69}.Debug|Any CPU.Build.0 = Debug|Any CPU
		{25740263-BA7D-4C93-9653-9DA14340EE69}.Release|Any CPU.ActiveCfg = Release|Any CPU
		{25740263-BA7D-4C93-9653-9DA14340EE69}.Release|Any CPU.Build.0 = Release|Any CPU
	EndGlobalSection
	GlobalSection(SolutionProperties) = preSolution
		HideSolutionNode = FALSE
	EndGlobalSection
	GlobalSection(ExtensibilityGlobals) = postSolution
		SolutionGuid = {C16A5B3B-8CFB-4BB1-A773-61AC11D4E940}
	EndGlobalSection
EndGlobal
